
Microsoft Visual Studio Solution File, Format Version 12.00
# Visual Studio Version 16
VisualStudioVersion = 16.0.31025.194
MinimumVisualStudioVersion = 10.0.40219.1
Project("{FAE04EC0-301F-11D3-BF4B-00C04F79EFBC}") = "MineUtil", "MineUtil\MineUtil.csproj", "{AF3CCA1C-B68E-4256-AED6-01A592BA9D61}"
EndProject
Project("{FAE04EC0-301F-11D3-BF4B-00C04F79EFBC}") = "MineUtilTest", "MineUtilTest\MineUtilTest.csproj", "{0B6CD50E-01D3-47C6-8853-C372663F61EA}"
EndProject
Global
	GlobalSection(SolutionConfigurationPlatforms) = preSolution
		Debug|Any CPU = Debug|Any CPU
		Release|Any CPU = Release|Any CPU
	EndGlobalSection
	GlobalSection(ProjectConfigurationPlatforms) = postSolution
		{AF3CCA1C-B68E-4256-AED6-01A592BA9D61}.Debug|Any CPU.ActiveCfg = Debug|Any CPU
		{AF3CCA1C-B68E-4256-AED6-01A592BA9D61}.Debug|Any CPU.Build.0 = Debug|Any CPU
		{AF3CCA1C-B68E-4256-AED6-01A592BA9D61}.Release|Any CPU.ActiveCfg = Release|Any CPU
		{AF3CCA1C-B68E-4256-AED6-01A592BA9D61}.Release|Any CPU.Build.0 = Release|Any CPU
		{0B6CD50E-01D3-47C6-8853-C372663F61EA}.Debug|Any CPU.ActiveCfg = Debug|Any CPU
		{0B6CD50E-01D3-47C6-8853-C372663F61EA}.Debug|Any CPU.Build.0 = Debug|Any CPU
		{0B6CD50E-01D3-47C6-8853-C372663F61EA}.Release|Any CPU.ActiveCfg = Release|Any CPU
		{0B6CD50E-01D3-47C6-8853-C372663F61EA}.Release|Any CPU.Build.0 = Release|Any CPU
	EndGlobalSection
	GlobalSection(SolutionProperties) = preSolution
		HideSolutionNode = FALSE
	EndGlobalSection
	GlobalSection(ExtensibilityGlobals) = postSolution
		SolutionGuid = {83BF4A16-6D01-4FF6-B2BA-D319036FE0F5}
	EndGlobalSection
EndGlobal
